
Microsoft Visual Studio Solution File, Format Version 12.00
# Visual Studio Version 17
VisualStudioVersion = 17.4.33110.190
MinimumVisualStudioVersion = 10.0.40219.1
Project("{FAE04EC0-301F-11D3-BF4B-00C04F79EFBC}") = "C_GUI", "C_GUI\C_GUI.csproj", "{3159C8DC-345C-47B3-81C7-299D8D983F9E}"
EndProject
Project("{FAE04EC0-301F-11D3-BF4B-00C04F79EFBC}") = "A_DAL", "A_DAL\A_DAL.csproj", "{5D14B375-DBC1-4782-A589-DAC9BF3BFB2C}"
EndProject
Project("{FAE04EC0-301F-11D3-BF4B-00C04F79EFBC}") = "B_BUS", "B_BUS\B_BUS.csproj", "{6AC1A61E-20F6-4A1A-AD24-33D3C564C400}"
EndProject
Global
	GlobalSection(SolutionConfigurationPlatforms) = preSolution
		Debug|Any CPU = Debug|Any CPU
		Release|Any CPU = Release|Any CPU
	EndGlobalSection
	GlobalSection(ProjectConfigurationPlatforms) = postSolution
		{3159C8DC-345C-47B3-81C7-299D8D983F9E}.Debug|Any CPU.ActiveCfg = Debug|Any CPU
		{3159C8DC-345C-47B3-81C7-299D8D983F9E}.Debug|Any CPU.Build.0 = Debug|Any CPU
		{3159C8DC-345C-47B3-81C7-299D8D983F9E}.Release|Any CPU.ActiveCfg = Release|Any CPU
		{3159C8DC-345C-47B3-81C7-299D8D983F9E}.Release|Any CPU.Build.0 = Release|Any CPU
		{5D14B375-DBC1-4782-A589-DAC9BF3BFB2C}.Debug|Any CPU.ActiveCfg = Debug|Any CPU
		{5D14B375-DBC1-4782-A589-DAC9BF3BFB2C}.Debug|Any CPU.Build.0 = Debug|Any CPU
		{5D14B375-DBC1-4782-A589-DAC9BF3BFB2C}.Release|Any CPU.ActiveCfg = Release|Any CPU
		{5D14B375-DBC1-4782-A589-DAC9BF3BFB2C}.Release|Any CPU.Build.0 = Release|Any CPU
		{6AC1A61E-20F6-4A1A-AD24-33D3C564C400}.Debug|Any CPU.ActiveCfg = Debug|Any CPU
		{6AC1A61E-20F6-4A1A-AD24-33D3C564C400}.Debug|Any CPU.Build.0 = Debug|Any CPU
		{6AC1A61E-20F6-4A1A-AD24-33D3C564C400}.Release|Any CPU.ActiveCfg = Release|Any CPU
		{6AC1A61E-20F6-4A1A-AD24-33D3C564C400}.Release|Any CPU.Build.0 = Release|Any CPU
	EndGlobalSection
	GlobalSection(SolutionProperties) = preSolution
		HideSolutionNode = FALSE
	EndGlobalSection
	GlobalSection(ExtensibilityGlobals) = postSolution
		SolutionGuid = {26ACF8B9-F9E5-4ED0-842A-B943E3B7E190}
	EndGlobalSection
EndGlobal
